// !$*UTF8*$!
{
	archiveVersion = 1;
	classes = {
	};
	objectVersion = 50;
	objects = {

/* Begin PBXBuildFile section */
		147DCC0122A6A8D700277802 /* AppDelegate.swift in Sources */ = {isa = PBXBuildFile; fileRef = 147DCC0022A6A8D700277802 /* AppDelegate.swift */; };
		147DCC0322A6A8D700277802 /* ToDoListViewController.swift in Sources */ = {isa = PBXBuildFile; fileRef = 147DCC0222A6A8D700277802 /* ToDoListViewController.swift */; };
		147DCC0622A6A8D700277802 /* Main.storyboard in Resources */ = {isa = PBXBuildFile; fileRef = 147DCC0422A6A8D700277802 /* Main.storyboard */; };
		147DCC0822A6A8D700277802 /* Assets.xcassets in Resources */ = {isa = PBXBuildFile; fileRef = 147DCC0722A6A8D700277802 /* Assets.xcassets */; };
		147DCC0B22A6A8D700277802 /* LaunchScreen.storyboard in Resources */ = {isa = PBXBuildFile; fileRef = 147DCC0922A6A8D700277802 /* LaunchScreen.storyboard */; };
/* End PBXBuildFile section */

/* Begin PBXFileReference section */
		147DCBFD22A6A8D700277802 /* Todoey-UserDefaults.app */ = {isa = PBXFileReference; explicitFileType = wrapper.application; includeInIndex = 0; path = "Todoey-UserDefaults.app"; sourceTree = BUILT_PRODUCTS_DIR; };
		147DCC0022A6A8D700277802 /* AppDelegate.swift */ = {isa = PBXFileReference; lastKnownFileType = sourcecode.swift; path = AppDelegate.swift; sourceTree = "<group>"; };
		147DCC0222A6A8D700277802 /* ToDoListViewController.swift */ = {isa = PBXFileReference; lastKnownFileType = sourcecode.swift; path = ToDoListViewController.swift; sourceTree = "<group>"; };
		147DCC0522A6A8D700277802 /* Base */ = {isa = PBXFileReference; lastKnownFileType = file.storyboard; name = Base; path = Base.lproj/Main.storyboard; sourceTree = "<group>"; };
		147DCC0722A6A8D700277802 /* Assets.xcassets */ = {isa = PBXFileReference; lastKnownFileType = folder.assetcatalog; path = Assets.xcassets; sourceTree = "<group>"; };
		147DCC0A22A6A8D700277802 /* Base */ = {isa = PBXFileReference; lastKnownFileType = file.storyboard; name = Base; path = Base.lproj/LaunchScreen.storyboard; sourceTree = "<group>"; };
		147DCC0C22A6A8D700277802 /* Info.plist */ = {isa = PBXFileReference; lastKnownFileType = text.plist.xml; path = Info.plist; sourceTree = "<group>"; };
/* End PBXFileReference section */

/* Begin PBXFrameworksBuildPhase section */
		147DCBFA22A6A8D600277802 /* Frameworks */ = {
			isa = PBXFrameworksBuildPhase;
			buildActionMask = 2147483647;
			files = (
			);
			runOnlyForDeploymentPostprocessing = 0;
		};
/* End PBXFrameworksBuildPhase section */

/* Begin PBXGroup section */
		147DCBF422A6A8D600277802 = {
			isa = PBXGroup;
			children = (
				147DCBFF22A6A8D700277802 /* Todoey-UserDefaults */,
				147DCBFE22A6A8D700277802 /* Products */,
			);
			sourceTree = "<group>";
		};
		147DCBFE22A6A8D700277802 /* Products */ = {
			isa = PBXGroup;
			children = (
				147DCBFD22A6A8D700277802 /* Todoey-UserDefaults.app */,
			);
			name = Products;
			sourceTree = "<group>";
		};
		147DCBFF22A6A8D700277802 /* Todoey-UserDefaults */ = {
			isa = PBXGroup;
			children = (
				147DCC1322A6AAEC00277802 /* Controllers */,
				147DCC1222A6AAD700277802 /* Views */,
				147DCC1422A6AAFE00277802 /* Supporting File */,
				147DCC0C22A6A8D700277802 /* Info.plist */,
			);
			path = "Todoey-UserDefaults";
			sourceTree = "<group>";
		};
		147DCC1222A6AAD700277802 /* Views */ = {
			isa = PBXGroup;
			children = (
				147DCC0422A6A8D700277802 /* Main.storyboard */,
			);
			path = Views;
			sourceTree = "<group>";
		};
		147DCC1322A6AAEC00277802 /* Controllers */ = {
			isa = PBXGroup;
			children = (
				147DCC0022A6A8D700277802 /* AppDelegate.swift */,
				147DCC0222A6A8D700277802 /* ToDoListViewController.swift */,
			);
			path = Controllers;
			sourceTree = "<group>";
		};
		147DCC1422A6AAFE00277802 /* Supporting File */ = {
			isa = PBXGroup;
			children = (
				147DCC0722A6A8D700277802 /* Assets.xcassets */,
				147DCC0922A6A8D700277802 /* LaunchScreen.storyboard */,
			);
			path = "Supporting File";
			sourceTree = "<group>";
		};
/* End PBXGroup section */

/* Begin PBXNativeTarget section */
		147DCBFC22A6A8D600277802 /* Todoey-UserDefaults */ = {
			isa = PBXNativeTarget;
			buildConfigurationList = 147DCC0F22A6A8D700277802 /* Build configuration list for PBXNativeTarget "Todoey-UserDefaults" */;
			buildPhases = (
				147DCBF922A6A8D600277802 /* Sources */,
				147DCBFA22A6A8D600277802 /* Frameworks */,
				147DCBFB22A6A8D600277802 /* Resources */,
			);
			buildRules = (
			);
			dependencies = (
			);
			name = "Todoey-UserDefaults";
			productName = "Todoey-UserDefaults";
			productReference = 147DCBFD22A6A8D700277802 /* Todoey-UserDefaults.app */;
			productType = "com.apple.product-type.application";
		};
/* End PBXNativeTarget section */

/* Begin PBXProject section */
		147DCBF522A6A8D600277802 /* Project object */ = {
			isa = PBXProject;
			attributes = {
				LastSwiftUpdateCheck = 1020;
				LastUpgradeCheck = 1020;
				ORGANIZATIONNAME = "ProApp Concept Pte Ltd";
				TargetAttributes = {
					147DCBFC22A6A8D600277802 = {
						CreatedOnToolsVersion = 10.2.1;
					};
				};
			};
			buildConfigurationList = 147DCBF822A6A8D600277802 /* Build configuration list for PBXProject "Todoey-UserDefaults" */;
			compatibilityVersion = "Xcode 9.3";
			developmentRegion = en;
			hasScannedForEncodings = 0;
			knownRegions = (
				en,
				Base,
			);
			mainGroup = 147DCBF422A6A8D600277802;
			productRefGroup = 147DCBFE22A6A8D700277802 /* Products */;
			projectDirPath = "";
			projectRoot = "";
			targets = (
				147DCBFC22A6A8D600277802 /* Todoey-UserDefaults */,
			);
		};
/* End PBXProject section */

/* Begin PBXResourcesBuildPhase section */
		147DCBFB22A6A8D600277802 /* Resources */ = {
			isa = PBXResourcesBuildPhase;
			buildActionMask = 2147483647;
			files = (
				147DCC0B22A6A8D700277802 /* LaunchScreen.storyboard in Resources */,
				147DCC0822A6A8D700277802 /* Assets.xcassets in Resources */,
				147DCC0622A6A8D700277802 /* Main.storyboard in Resources */,
			);
			runOnlyForDeploymentPostprocessing = 0;
		};
/* End PBXResourcesBuildPhase section */

/* Begin PBXSourcesBuildPhase section */
		147DCBF922A6A8D600277802 /* Sources */ = {
			isa = PBXSourcesBuildPhase;
			buildActionMask = 2147483647;
			files = (
				147DCC0322A6A8D700277802 /* ToDoListViewController.swift in Sources */,
				147DCC0122A6A8D700277802 /* AppDelegate.swift in Sources */,
			);
			runOnlyForDeploymentPostprocessing = 0;
		};
/* End PBXSourcesBuildPhase section */

/* Begin PBXVariantGroup section */
		147DCC0422A6A8D700277802 /* Main.storyboard */ = {
			isa = PBXVariantGroup;
			children = (
				147DCC0522A6A8D700277802 /* Base */,
			);
			name = Main.storyboard;
			sourceTree = "<group>";
		};
		147DCC0922A6A8D700277802 /* LaunchScreen.storyboard */ = {
			isa = PBXVariantGroup;
			children = (
				147DCC0A22A6A8D700277802 /* Base */,
			);
			name = LaunchScreen.storyboard;
			sourceTree = "<group>";
		};
/* End PBXVariantGroup section */

/* Begin XCBuildConfiguration section */
		147DCC0D22A6A8D700277802 /* Debug */ = {
			isa = XCBuildConfiguration;
			buildSettings = {
				ALWAYS_SEARCH_USER_PATHS = NO;
				CLANG_ANALYZER_NONNULL = YES;
				CLANG_ANALYZER_NUMBER_OBJECT_CONVERSION = YES_AGGRESSIVE;
				CLANG_CXX_LANGUAGE_STANDARD = "gnu++14";
				CLANG_CXX_LIBRARY = "libc++";
				CLANG_ENABLE_MODULES = YES;
				CLANG_ENABLE_OBJC_ARC = YES;
				CLANG_ENABLE_OBJC_WEAK = YES;
				CLANG_WARN_BLOCK_CAPTURE_AUTORELEASING = YES;
				CLANG_WARN_BOOL_CONVERSION = YES;
				CLANG_WARN_COMMA = YES;
				CLANG_WARN_CONSTANT_CONVERSION = YES;
				CLANG_WARN_DEPRECATED_OBJC_IMPLEMENTATIONS = YES;
				CLANG_WARN_DIRECT_OBJC_ISA_USAGE = YES_ERROR;
				CLANG_WARN_DOCUMENTATION_COMMENTS = YES;
				CLANG_WARN_EMPTY_BODY = YES;
				CLANG_WARN_ENUM_CONVERSION = YES;
				CLANG_WARN_INFINITE_RECURSION = YES;
				CLANG_WARN_INT_CONVERSION = YES;
				CLANG_WARN_NON_LITERAL_NULL_CONVERSION = YES;
				CLANG_WARN_OBJC_IMPLICIT_RETAIN_SELF = YES;
				CLANG_WARN_OBJC_LITERAL_CONVERSION = YES;
				CLANG_WARN_OBJC_ROOT_CLASS = YES_ERROR;
				CLANG_WARN_RANGE_LOOP_ANALYSIS = YES;
				CLANG_WARN_STRICT_PROTOTYPES = YES;
				CLANG_WARN_SUSPICIOUS_MOVE = YES;
				CLANG_WARN_UNGUARDED_AVAILABILITY = YES_AGGRESSIVE;
				CLANG_WARN_UNREACHABLE_CODE = YES;
				CLANG_WARN__DUPLICATE_METHOD_MATCH = YES;
				CODE_SIGN_IDENTITY = "iPhone Developer";
				COPY_PHASE_STRIP = NO;
				DEBUG_INFORMATION_FORMAT = dwarf;
				ENABLE_STRICT_OBJC_MSGSEND = YES;
				ENABLE_TESTABILITY = YES;
				GCC_C_LANGUAGE_STANDARD = gnu11;
				GCC_DYNAMIC_NO_PIC = NO;
				GCC_NO_COMMON_BLOCKS = YES;
				GCC_OPTIMIZATION_LEVEL = 0;
				GCC_PREPROCESSOR_DEFINITIONS = (
					"DEBUG=1",
					"$(inherited)",
				);
				GCC_WARN_64_TO_32_BIT_CONVERSION = YES;
				GCC_WARN_ABOUT_RETURN_TYPE = YES_ERROR;
				GCC_WARN_UNDECLARED_SELECTOR = YES;
				GCC_WARN_UNINITIALIZED_AUTOS = YES_AGGRESSIVE;
				GCC_WARN_UNUSED_FUNCTION = YES;
				GCC_WARN_UNUSED_VARIABLE = YES;
				IPHONEOS_DEPLOYMENT_TARGET = 12.2;
				MTL_ENABLE_DEBUG_INFO = INCLUDE_SOURCE;
				MTL_FAST_MATH = YES;
				ONLY_ACTIVE_ARCH = YES;
				SDKROOT = iphoneos;
				SWIFT_ACTIVE_COMPILATION_CONDITIONS = DEBUG;
				SWIFT_OPTIMIZATION_LEVEL = "-Onone";
			};
			name = Debug;
		};
		147DCC0E22A6A8D700277802 /* Release */ = {
			isa = XCBuildConfiguration;
			buildSettings = {
				ALWAYS_SEARCH_USER_PATHS = NO;
				CLANG_ANALYZER_NONNULL = YES;
				CLANG_ANALYZER_NUMBER_OBJECT_CONVERSION = YES_AGGRESSIVE;
				CLANG_CXX_LANGUAGE_STANDARD = "gnu++14";
				CLANG_CXX_LIBRARY = "libc++";
				CLANG_ENABLE_MODULES = YES;
				CLANG_ENABLE_OBJC_ARC = YES;
				CLANG_ENABLE_OBJC_WEAK = YES;
				CLANG_WARN_BLOCK_CAPTURE_AUTORELEASING = YES;
				CLANG_WARN_BOOL_CONVERSION = YES;
				CLANG_WARN_COMMA = YES;
				CLANG_WARN_CONSTANT_CONVERSION = YES;
				CLANG_WARN_DEPRECATED_OBJC_IMPLEMENTATIONS = YES;
				CLANG_WARN_DIRECT_OBJC_ISA_USAGE = YES_ERROR;
				CLANG_WARN_DOCUMENTATION_COMMENTS = YES;
				CLANG_WARN_EMPTY_BODY = YES;
				CLANG_WARN_ENUM_CONVERSION = YES;
				CLANG_WARN_INFINITE_RECURSION = YES;
				CLANG_WARN_INT_CONVERSION = YES;
				CLANG_WARN_NON_LITERAL_NULL_CONVERSION = YES;
				CLANG_WARN_OBJC_IMPLICIT_RETAIN_SELF = YES;
				CLANG_WARN_OBJC_LITERAL_CONVERSION = YES;
				CLANG_WARN_OBJC_ROOT_CLASS = YES_ERROR;
				CLANG_WARN_RANGE_LOOP_ANALYSIS = YES;
				CLANG_WARN_STRICT_PROTOTYPES = YES;
				CLANG_WARN_SUSPICIOUS_MOVE = YES;
				CLANG_WARN_UNGUARDED_AVAILABILITY = YES_AGGRESSIVE;
				CLANG_WARN_UNREACHABLE_CODE = YES;
				CLANG_WARN__DUPLICATE_METHOD_MATCH = YES;
				CODE_SIGN_IDENTITY = "iPhone Developer";
				COPY_PHASE_STRIP = NO;
				DEBUG_INFORMATION_FORMAT = "dwarf-with-dsym";
				ENABLE_NS_ASSERTIONS = NO;
				ENABLE_STRICT_OBJC_MSGSEND = YES;
				GCC_C_LANGUAGE_STANDARD = gnu11;
				GCC_NO_COMMON_BLOCKS = YES;
				GCC_WARN_64_TO_32_BIT_CONVERSION = YES;
				GCC_WARN_ABOUT_RETURN_TYPE = YES_ERROR;
				GCC_WARN_UNDECLARED_SELECTOR = YES;
				GCC_WARN_UNINITIALIZED_AUTOS = YES_AGGRESSIVE;
				GCC_WARN_UNUSED_FUNCTION = YES;
				GCC_WARN_UNUSED_VARIABLE = YES;
				IPHONEOS_DEPLOYMENT_TARGET = 12.2;
				MTL_ENABLE_DEBUG_INFO = NO;
				MTL_FAST_MATH = YES;
				SDKROOT = iphoneos;
				SWIFT_COMPILATION_MODE = wholemodule;
				SWIFT_OPTIMIZATION_LEVEL = "-O";
				VALIDATE_PRODUCT = YES;
			};
			name = Release;
		};
		147DCC1022A6A8D700277802 /* Debug */ = {
			isa = XCBuildConfiguration;
			buildSettings = {
				ASSETCATALOG_COMPILER_APPICON_NAME = AppIcon;
				CODE_SIGN_STYLE = Automatic;
				DEVELOPMENT_TEAM = M2MQF8FA69;
				INFOPLIST_FILE = "Todoey-UserDefaults/Info.plist";
				IPHONEOS_DEPLOYMENT_TARGET = 12.2;
				LD_RUNPATH_SEARCH_PATHS = (
					"$(inherited)",
					"@executable_path/Frameworks",
				);
				PRODUCT_BUNDLE_IDENTIFIER = "com.proappconcept.Todoey-UserDefaults";
				PRODUCT_NAME = "$(TARGET_NAME)";
				SWIFT_VERSION = 5.0;
				TARGETED_DEVICE_FAMILY = 1;
			};
			name = Debug;
		};
		147DCC1122A6A8D700277802 /* Release */ = {
			isa = XCBuildConfiguration;
			buildSettings = {
				ASSETCATALOG_COMPILER_APPICON_NAME = AppIcon;
				CODE_SIGN_STYLE = Automatic;
				DEVELOPMENT_TEAM = M2MQF8FA69;
				INFOPLIST_FILE = "Todoey-UserDefaults/Info.plist";
				IPHONEOS_DEPLOYMENT_TARGET = 12.2;
				LD_RUNPATH_SEARCH_PATHS = (
					"$(inherited)",
					"@executable_path/Frameworks",
				);
				PRODUCT_BUNDLE_IDENTIFIER = "com.proappconcept.Todoey-UserDefaults";
				PRODUCT_NAME = "$(TARGET_NAME)";
				SWIFT_VERSION = 5.0;
				TARGETED_DEVICE_FAMILY = 1;
			};
			name = Release;
		};
/* End XCBuildConfiguration section */

/* Begin XCConfigurationList section */
		147DCBF822A6A8D600277802 /* Build configuration list for PBXProject "Todoey-UserDefaults" */ = {
			isa = XCConfigurationList;
			buildConfigurations = (
				147DCC0D22A6A8D700277802 /* Debug */,
				147DCC0E22A6A8D700277802 /* Release */,
			);
			defaultConfigurationIsVisible = 0;
			defaultConfigurationName = Release;
		};
		147DCC0F22A6A8D700277802 /* Build configuration list for PBXNativeTarget "Todoey-UserDefaults" */ = {
			isa = XCConfigurationList;
			buildConfigurations = (
				147DCC1022A6A8D700277802 /* Debug */,
				147DCC1122A6A8D700277802 /* Release */,
			);
			defaultConfigurationIsVisible = 0;
			defaultConfigurationName = Release;
		};
/* End XCConfigurationList section */
	};
	rootObject = 147DCBF522A6A8D600277802 /* Project object */;
}
